
Microsoft Visual Studio Solution File, Format Version 12.00
Project("{FAE04EC0-301F-11D3-BF4B-00C04F79EFBC}") = "Todos", "Todos.csproj", "{3E170923-642E-49A5-9C0F-F53F300C5725}"
EndProject
Global
	GlobalSection(SolutionConfigurationPlatforms) = preSolution
		Debug|Any CPU = Debug|Any CPU
		Release|Any CPU = Release|Any CPU
	EndGlobalSection
	GlobalSection(ProjectConfigurationPlatforms) = postSolution
		{3E170923-642E-49A5-9C0F-F53F300C5725}.Debug|Any CPU.ActiveCfg = Debug|Any CPU
		{3E170923-642E-49A5-9C0F-F53F300C5725}.Debug|Any CPU.Build.0 = Debug|Any CPU
		{3E170923-642E-49A5-9C0F-F53F300C5725}.Release|Any CPU.ActiveCfg = Release|Any CPU
		{3E170923-642E-49A5-9C0F-F53F300C5725}.Release|Any CPU.Build.0 = Release|Any CPU
	EndGlobalSection
EndGlobal
